// !$*UTF8*$!
{
	archiveVersion = 1;
	classes = {
	};
	objectVersion = 50;
	objects = {

/* Begin PBXBuildFile section */
		F78B82EC2522E1220050F7BF /* AppDelegate.swift in Sources */ = {isa = PBXBuildFile; fileRef = F78B82EB2522E1220050F7BF /* AppDelegate.swift */; };
		F78B82F52522E1250050F7BF /* Assets.xcassets in Resources */ = {isa = PBXBuildFile; fileRef = F78B82F42522E1250050F7BF /* Assets.xcassets */; };
		F78B82F82522E1250050F7BF /* LaunchScreen.storyboard in Resources */ = {isa = PBXBuildFile; fileRef = F78B82F62522E1250050F7BF /* LaunchScreen.storyboard */; };
		F78B83032522E1250050F7BF /* iOS_CalculatorTests.swift in Sources */ = {isa = PBXBuildFile; fileRef = F78B83022522E1250050F7BF /* iOS_CalculatorTests.swift */; };
		F78B830E2522E1250050F7BF /* iOS_CalculatorUITests.swift in Sources */ = {isa = PBXBuildFile; fileRef = F78B830D2522E1250050F7BF /* iOS_CalculatorUITests.swift */; };
		F78B833D2522E8930050F7BF /* HomeViewController.swift in Sources */ = {isa = PBXBuildFile; fileRef = F78B833B2522E8930050F7BF /* HomeViewController.swift */; };
		F78B833E2522E8930050F7BF /* HomeViewController.xib in Resources */ = {isa = PBXBuildFile; fileRef = F78B833C2522E8930050F7BF /* HomeViewController.xib */; };
		F7D91E4C252D760A0008A0A2 /* UIButtonExtension.swift in Sources */ = {isa = PBXBuildFile; fileRef = F7D91E4B252D760A0008A0A2 /* UIButtonExtension.swift */; };
/* End PBXBuildFile section */

/* Begin PBXContainerItemProxy section */
		F78B82FF2522E1250050F7BF /* PBXContainerItemProxy */ = {
			isa = PBXContainerItemProxy;
			containerPortal = F78B82E02522E1220050F7BF /* Project object */;
			proxyType = 1;
			remoteGlobalIDString = F78B82E72522E1220050F7BF;
			remoteInfo = "iOS-Calculator";
		};
		F78B830A2522E1250050F7BF /* PBXContainerItemProxy */ = {
			isa = PBXContainerItemProxy;
			containerPortal = F78B82E02522E1220050F7BF /* Project object */;
			proxyType = 1;
			remoteGlobalIDString = F78B82E72522E1220050F7BF;
			remoteInfo = "iOS-Calculator";
		};
/* End PBXContainerItemProxy section */

/* Begin PBXFileReference section */
		F78B82E82522E1220050F7BF /* iOS-Calculator.app */ = {isa = PBXFileReference; explicitFileType = wrapper.application; includeInIndex = 0; path = "iOS-Calculator.app"; sourceTree = BUILT_PRODUCTS_DIR; };
		F78B82EB2522E1220050F7BF /* AppDelegate.swift */ = {isa = PBXFileReference; lastKnownFileType = sourcecode.swift; path = AppDelegate.swift; sourceTree = "<group>"; };
		F78B82F42522E1250050F7BF /* Assets.xcassets */ = {isa = PBXFileReference; lastKnownFileType = folder.assetcatalog; path = Assets.xcassets; sourceTree = "<group>"; };
		F78B82F72522E1250050F7BF /* Base */ = {isa = PBXFileReference; lastKnownFileType = file.storyboard; name = Base; path = Base.lproj/LaunchScreen.storyboard; sourceTree = "<group>"; };
		F78B82F92522E1250050F7BF /* Info.plist */ = {isa = PBXFileReference; lastKnownFileType = text.plist.xml; path = Info.plist; sourceTree = "<group>"; };
		F78B82FE2522E1250050F7BF /* iOS-CalculatorTests.xctest */ = {isa = PBXFileReference; explicitFileType = wrapper.cfbundle; includeInIndex = 0; path = "iOS-CalculatorTests.xctest"; sourceTree = BUILT_PRODUCTS_DIR; };
		F78B83022522E1250050F7BF /* iOS_CalculatorTests.swift */ = {isa = PBXFileReference; lastKnownFileType = sourcecode.swift; path = iOS_CalculatorTests.swift; sourceTree = "<group>"; };
		F78B83042522E1250050F7BF /* Info.plist */ = {isa = PBXFileReference; lastKnownFileType = text.plist.xml; path = Info.plist; sourceTree = "<group>"; };
		F78B83092522E1250050F7BF /* iOS-CalculatorUITests.xctest */ = {isa = PBXFileReference; explicitFileType = wrapper.cfbundle; includeInIndex = 0; path = "iOS-CalculatorUITests.xctest"; sourceTree = BUILT_PRODUCTS_DIR; };
		F78B830D2522E1250050F7BF /* iOS_CalculatorUITests.swift */ = {isa = PBXFileReference; lastKnownFileType = sourcecode.swift; path = iOS_CalculatorUITests.swift; sourceTree = "<group>"; };
		F78B830F2522E1250050F7BF /* Info.plist */ = {isa = PBXFileReference; lastKnownFileType = text.plist.xml; path = Info.plist; sourceTree = "<group>"; };
		F78B833B2522E8930050F7BF /* HomeViewController.swift */ = {isa = PBXFileReference; lastKnownFileType = sourcecode.swift; path = HomeViewController.swift; sourceTree = "<group>"; };
		F78B833C2522E8930050F7BF /* HomeViewController.xib */ = {isa = PBXFileReference; lastKnownFileType = file.xib; path = HomeViewController.xib; sourceTree = "<group>"; };
		F7D91E4B252D760A0008A0A2 /* UIButtonExtension.swift */ = {isa = PBXFileReference; lastKnownFileType = sourcecode.swift; path = UIButtonExtension.swift; sourceTree = "<group>"; };
/* End PBXFileReference section */

/* Begin PBXFrameworksBuildPhase section */
		F78B82E52522E1220050F7BF /* Frameworks */ = {
			isa = PBXFrameworksBuildPhase;
			buildActionMask = 2147483647;
			files = (
			);
			runOnlyForDeploymentPostprocessing = 0;
		};
		F78B82FB2522E1250050F7BF /* Frameworks */ = {
			isa = PBXFrameworksBuildPhase;
			buildActionMask = 2147483647;
			files = (
			);
			runOnlyForDeploymentPostprocessing = 0;
		};
		F78B83062522E1250050F7BF /* Frameworks */ = {
			isa = PBXFrameworksBuildPhase;
			buildActionMask = 2147483647;
			files = (
			);
			runOnlyForDeploymentPostprocessing = 0;
		};
/* End PBXFrameworksBuildPhase section */

/* Begin PBXGroup section */
		F78B82DF2522E1220050F7BF = {
			isa = PBXGroup;
			children = (
				F78B82EA2522E1220050F7BF /* iOS-Calculator */,
				F78B83012522E1250050F7BF /* iOS-CalculatorTests */,
				F78B830C2522E1250050F7BF /* iOS-CalculatorUITests */,
				F78B82E92522E1220050F7BF /* Products */,
			);
			sourceTree = "<group>";
		};
		F78B82E92522E1220050F7BF /* Products */ = {
			isa = PBXGroup;
			children = (
				F78B82E82522E1220050F7BF /* iOS-Calculator.app */,
				F78B82FE2522E1250050F7BF /* iOS-CalculatorTests.xctest */,
				F78B83092522E1250050F7BF /* iOS-CalculatorUITests.xctest */,
			);
			name = Products;
			sourceTree = "<group>";
		};
		F78B82EA2522E1220050F7BF /* iOS-Calculator */ = {
			isa = PBXGroup;
			children = (
				F78B82EB2522E1220050F7BF /* AppDelegate.swift */,
				F78B83312522E7170050F7BF /* Model */,
				F78B83322522E7230050F7BF /* View */,
				F78B83332522E72A0050F7BF /* Controller */,
				F78B83352522E7530050F7BF /* Util */,
				F78B832A2522E2BE0050F7BF /* Supporting Files */,
				F78B82F42522E1250050F7BF /* Assets.xcassets */,
			);
			path = "iOS-Calculator";
			sourceTree = "<group>";
		};
		F78B83012522E1250050F7BF /* iOS-CalculatorTests */ = {
			isa = PBXGroup;
			children = (
				F78B83022522E1250050F7BF /* iOS_CalculatorTests.swift */,
				F78B83042522E1250050F7BF /* Info.plist */,
			);
			path = "iOS-CalculatorTests";
			sourceTree = "<group>";
		};
		F78B830C2522E1250050F7BF /* iOS-CalculatorUITests */ = {
			isa = PBXGroup;
			children = (
				F78B830D2522E1250050F7BF /* iOS_CalculatorUITests.swift */,
				F78B830F2522E1250050F7BF /* Info.plist */,
			);
			path = "iOS-CalculatorUITests";
			sourceTree = "<group>";
		};
		F78B832A2522E2BE0050F7BF /* Supporting Files */ = {
			isa = PBXGroup;
			children = (
				F78B82F92522E1250050F7BF /* Info.plist */,
			);
			path = "Supporting Files";
			sourceTree = "<group>";
		};
		F78B83312522E7170050F7BF /* Model */ = {
			isa = PBXGroup;
			children = (
			);
			path = Model;
			sourceTree = "<group>";
		};
		F78B83322522E7230050F7BF /* View */ = {
			isa = PBXGroup;
			children = (
				F78B83392522E8150050F7BF /* Home */,
				F78B83342522E73B0050F7BF /* Lauch */,
			);
			path = View;
			sourceTree = "<group>";
		};
		F78B83332522E72A0050F7BF /* Controller */ = {
			isa = PBXGroup;
			children = (
				F78B833A2522E81D0050F7BF /* Home */,
			);
			path = Controller;
			sourceTree = "<group>";
		};
		F78B83342522E73B0050F7BF /* Lauch */ = {
			isa = PBXGroup;
			children = (
				F78B82F62522E1250050F7BF /* LaunchScreen.storyboard */,
			);
			path = Lauch;
			sourceTree = "<group>";
		};
		F78B83352522E7530050F7BF /* Util */ = {
			isa = PBXGroup;
			children = (
				F7D91E4B252D760A0008A0A2 /* UIButtonExtension.swift */,
			);
			path = Util;
			sourceTree = "<group>";
		};
		F78B83392522E8150050F7BF /* Home */ = {
			isa = PBXGroup;
			children = (
				F78B833C2522E8930050F7BF /* HomeViewController.xib */,
			);
			path = Home;
			sourceTree = "<group>";
		};
		F78B833A2522E81D0050F7BF /* Home */ = {
			isa = PBXGroup;
			children = (
				F78B833B2522E8930050F7BF /* HomeViewController.swift */,
			);
			path = Home;
			sourceTree = "<group>";
		};
/* End PBXGroup section */

/* Begin PBXNativeTarget section */
		F78B82E72522E1220050F7BF /* iOS-Calculator */ = {
			isa = PBXNativeTarget;
			buildConfigurationList = F78B83122522E1250050F7BF /* Build configuration list for PBXNativeTarget "iOS-Calculator" */;
			buildPhases = (
				F78B82E42522E1220050F7BF /* Sources */,
				F78B82E52522E1220050F7BF /* Frameworks */,
				F78B82E62522E1220050F7BF /* Resources */,
			);
			buildRules = (
			);
			dependencies = (
			);
			name = "iOS-Calculator";
			productName = "iOS-Calculator";
			productReference = F78B82E82522E1220050F7BF /* iOS-Calculator.app */;
			productType = "com.apple.product-type.application";
		};
		F78B82FD2522E1250050F7BF /* iOS-CalculatorTests */ = {
			isa = PBXNativeTarget;
			buildConfigurationList = F78B83152522E1250050F7BF /* Build configuration list for PBXNativeTarget "iOS-CalculatorTests" */;
			buildPhases = (
				F78B82FA2522E1250050F7BF /* Sources */,
				F78B82FB2522E1250050F7BF /* Frameworks */,
				F78B82FC2522E1250050F7BF /* Resources */,
			);
			buildRules = (
			);
			dependencies = (
				F78B83002522E1250050F7BF /* PBXTargetDependency */,
			);
			name = "iOS-CalculatorTests";
			productName = "iOS-CalculatorTests";
			productReference = F78B82FE2522E1250050F7BF /* iOS-CalculatorTests.xctest */;
			productType = "com.apple.product-type.bundle.unit-test";
		};
		F78B83082522E1250050F7BF /* iOS-CalculatorUITests */ = {
			isa = PBXNativeTarget;
			buildConfigurationList = F78B83182522E1250050F7BF /* Build configuration list for PBXNativeTarget "iOS-CalculatorUITests" */;
			buildPhases = (
				F78B83052522E1250050F7BF /* Sources */,
				F78B83062522E1250050F7BF /* Frameworks */,
				F78B83072522E1250050F7BF /* Resources */,
			);
			buildRules = (
			);
			dependencies = (
				F78B830B2522E1250050F7BF /* PBXTargetDependency */,
			);
			name = "iOS-CalculatorUITests";
			productName = "iOS-CalculatorUITests";
			productReference = F78B83092522E1250050F7BF /* iOS-CalculatorUITests.xctest */;
			productType = "com.apple.product-type.bundle.ui-testing";
		};
/* End PBXNativeTarget section */

/* Begin PBXProject section */
		F78B82E02522E1220050F7BF /* Project object */ = {
			isa = PBXProject;
			attributes = {
				LastSwiftUpdateCheck = 1200;
				LastUpgradeCheck = 1200;
				TargetAttributes = {
					F78B82E72522E1220050F7BF = {
						CreatedOnToolsVersion = 12.0;
					};
					F78B82FD2522E1250050F7BF = {
						CreatedOnToolsVersion = 12.0;
						TestTargetID = F78B82E72522E1220050F7BF;
					};
					F78B83082522E1250050F7BF = {
						CreatedOnToolsVersion = 12.0;
						TestTargetID = F78B82E72522E1220050F7BF;
					};
				};
			};
			buildConfigurationList = F78B82E32522E1220050F7BF /* Build configuration list for PBXProject "iOS-Calculator" */;
			compatibilityVersion = "Xcode 9.3";
			developmentRegion = en;
			hasScannedForEncodings = 0;
			knownRegions = (
				en,
				Base,
			);
			mainGroup = F78B82DF2522E1220050F7BF;
			productRefGroup = F78B82E92522E1220050F7BF /* Products */;
			projectDirPath = "";
			projectRoot = "";
			targets = (
				F78B82E72522E1220050F7BF /* iOS-Calculator */,
				F78B82FD2522E1250050F7BF /* iOS-CalculatorTests */,
				F78B83082522E1250050F7BF /* iOS-CalculatorUITests */,
			);
		};
/* End PBXProject section */

/* Begin PBXResourcesBuildPhase section */
		F78B82E62522E1220050F7BF /* Resources */ = {
			isa = PBXResourcesBuildPhase;
			buildActionMask = 2147483647;
			files = (
				F78B82F82522E1250050F7BF /* LaunchScreen.storyboard in Resources */,
				F78B82F52522E1250050F7BF /* Assets.xcassets in Resources */,
				F78B833E2522E8930050F7BF /* HomeViewController.xib in Resources */,
			);
			runOnlyForDeploymentPostprocessing = 0;
		};
		F78B82FC2522E1250050F7BF /* Resources */ = {
			isa = PBXResourcesBuildPhase;
			buildActionMask = 2147483647;
			files = (
			);
			runOnlyForDeploymentPostprocessing = 0;
		};
		F78B83072522E1250050F7BF /* Resources */ = {
			isa = PBXResourcesBuildPhase;
			buildActionMask = 2147483647;
			files = (
			);
			runOnlyForDeploymentPostprocessing = 0;
		};
/* End PBXResourcesBuildPhase section */

/* Begin PBXSourcesBuildPhase section */
		F78B82E42522E1220050F7BF /* Sources */ = {
			isa = PBXSourcesBuildPhase;
			buildActionMask = 2147483647;
			files = (
				F78B82EC2522E1220050F7BF /* AppDelegate.swift in Sources */,
				F78B833D2522E8930050F7BF /* HomeViewController.swift in Sources */,
				F7D91E4C252D760A0008A0A2 /* UIButtonExtension.swift in Sources */,
			);
			runOnlyForDeploymentPostprocessing = 0;
		};
		F78B82FA2522E1250050F7BF /* Sources */ = {
			isa = PBXSourcesBuildPhase;
			buildActionMask = 2147483647;
			files = (
				F78B83032522E1250050F7BF /* iOS_CalculatorTests.swift in Sources */,
			);
			runOnlyForDeploymentPostprocessing = 0;
		};
		F78B83052522E1250050F7BF /* Sources */ = {
			isa = PBXSourcesBuildPhase;
			buildActionMask = 2147483647;
			files = (
				F78B830E2522E1250050F7BF /* iOS_CalculatorUITests.swift in Sources */,
			);
			runOnlyForDeploymentPostprocessing = 0;
		};
/* End PBXSourcesBuildPhase section */

/* Begin PBXTargetDependency section */
		F78B83002522E1250050F7BF /* PBXTargetDependency */ = {
			isa = PBXTargetDependency;
			target = F78B82E72522E1220050F7BF /* iOS-Calculator */;
			targetProxy = F78B82FF2522E1250050F7BF /* PBXContainerItemProxy */;
		};
		F78B830B2522E1250050F7BF /* PBXTargetDependency */ = {
			isa = PBXTargetDependency;
			target = F78B82E72522E1220050F7BF /* iOS-Calculator */;
			targetProxy = F78B830A2522E1250050F7BF /* PBXContainerItemProxy */;
		};
/* End PBXTargetDependency section */

/* Begin PBXVariantGroup section */
		F78B82F62522E1250050F7BF /* LaunchScreen.storyboard */ = {
			isa = PBXVariantGroup;
			children = (
				F78B82F72522E1250050F7BF /* Base */,
			);
			name = LaunchScreen.storyboard;
			sourceTree = "<group>";
		};
/* End PBXVariantGroup section */

/* Begin XCBuildConfiguration section */
		F78B83102522E1250050F7BF /* Debug */ = {
			isa = XCBuildConfiguration;
			buildSettings = {
				ALWAYS_SEARCH_USER_PATHS = NO;
				CLANG_ANALYZER_NONNULL = YES;
				CLANG_ANALYZER_NUMBER_OBJECT_CONVERSION = YES_AGGRESSIVE;
				CLANG_CXX_LANGUAGE_STANDARD = "gnu++14";
				CLANG_CXX_LIBRARY = "libc++";
				CLANG_ENABLE_MODULES = YES;
				CLANG_ENABLE_OBJC_ARC = YES;
				CLANG_ENABLE_OBJC_WEAK = YES;
				CLANG_WARN_BLOCK_CAPTURE_AUTORELEASING = YES;
				CLANG_WARN_BOOL_CONVERSION = YES;
				CLANG_WARN_COMMA = YES;
				CLANG_WARN_CONSTANT_CONVERSION = YES;
				CLANG_WARN_DEPRECATED_OBJC_IMPLEMENTATIONS = YES;
				CLANG_WARN_DIRECT_OBJC_ISA_USAGE = YES_ERROR;
				CLANG_WARN_DOCUMENTATION_COMMENTS = YES;
				CLANG_WARN_EMPTY_BODY = YES;
				CLANG_WARN_ENUM_CONVERSION = YES;
				CLANG_WARN_INFINITE_RECURSION = YES;
				CLANG_WARN_INT_CONVERSION = YES;
				CLANG_WARN_NON_LITERAL_NULL_CONVERSION = YES;
				CLANG_WARN_OBJC_IMPLICIT_RETAIN_SELF = YES;
				CLANG_WARN_OBJC_LITERAL_CONVERSION = YES;
				CLANG_WARN_OBJC_ROOT_CLASS = YES_ERROR;
				CLANG_WARN_QUOTED_INCLUDE_IN_FRAMEWORK_HEADER = YES;
				CLANG_WARN_RANGE_LOOP_ANALYSIS = YES;
				CLANG_WARN_STRICT_PROTOTYPES = YES;
				CLANG_WARN_SUSPICIOUS_MOVE = YES;
				CLANG_WARN_UNGUARDED_AVAILABILITY = YES_AGGRESSIVE;
				CLANG_WARN_UNREACHABLE_CODE = YES;
				CLANG_WARN__DUPLICATE_METHOD_MATCH = YES;
				COPY_PHASE_STRIP = NO;
				DEBUG_INFORMATION_FORMAT = dwarf;
				ENABLE_STRICT_OBJC_MSGSEND = YES;
				ENABLE_TESTABILITY = YES;
				GCC_C_LANGUAGE_STANDARD = gnu11;
				GCC_DYNAMIC_NO_PIC = NO;
				GCC_NO_COMMON_BLOCKS = YES;
				GCC_OPTIMIZATION_LEVEL = 0;
				GCC_PREPROCESSOR_DEFINITIONS = (
					"DEBUG=1",
					"$(inherited)",
				);
				GCC_WARN_64_TO_32_BIT_CONVERSION = YES;
				GCC_WARN_ABOUT_RETURN_TYPE = YES_ERROR;
				GCC_WARN_UNDECLARED_SELECTOR = YES;
				GCC_WARN_UNINITIALIZED_AUTOS = YES_AGGRESSIVE;
				GCC_WARN_UNUSED_FUNCTION = YES;
				GCC_WARN_UNUSED_VARIABLE = YES;
				IPHONEOS_DEPLOYMENT_TARGET = 11.0;
				MTL_ENABLE_DEBUG_INFO = INCLUDE_SOURCE;
				MTL_FAST_MATH = YES;
				ONLY_ACTIVE_ARCH = YES;
				SDKROOT = iphoneos;
				SWIFT_ACTIVE_COMPILATION_CONDITIONS = DEBUG;
				SWIFT_OPTIMIZATION_LEVEL = "-Onone";
			};
			name = Debug;
		};
		F78B83112522E1250050F7BF /* Release */ = {
			isa = XCBuildConfiguration;
			buildSettings = {
				ALWAYS_SEARCH_USER_PATHS = NO;
				CLANG_ANALYZER_NONNULL = YES;
				CLANG_ANALYZER_NUMBER_OBJECT_CONVERSION = YES_AGGRESSIVE;
				CLANG_CXX_LANGUAGE_STANDARD = "gnu++14";
				CLANG_CXX_LIBRARY = "libc++";
				CLANG_ENABLE_MODULES = YES;
				CLANG_ENABLE_OBJC_ARC = YES;
				CLANG_ENABLE_OBJC_WEAK = YES;
				CLANG_WARN_BLOCK_CAPTURE_AUTORELEASING = YES;
				CLANG_WARN_BOOL_CONVERSION = YES;
				CLANG_WARN_COMMA = YES;
				CLANG_WARN_CONSTANT_CONVERSION = YES;
				CLANG_WARN_DEPRECATED_OBJC_IMPLEMENTATIONS = YES;
				CLANG_WARN_DIRECT_OBJC_ISA_USAGE = YES_ERROR;
				CLANG_WARN_DOCUMENTATION_COMMENTS = YES;
				CLANG_WARN_EMPTY_BODY = YES;
				CLANG_WARN_ENUM_CONVERSION = YES;
				CLANG_WARN_INFINITE_RECURSION = YES;
				CLANG_WARN_INT_CONVERSION = YES;
				CLANG_WARN_NON_LITERAL_NULL_CONVERSION = YES;
				CLANG_WARN_OBJC_IMPLICIT_RETAIN_SELF = YES;
				CLANG_WARN_OBJC_LITERAL_CONVERSION = YES;
				CLANG_WARN_OBJC_ROOT_CLASS = YES_ERROR;
				CLANG_WARN_QUOTED_INCLUDE_IN_FRAMEWORK_HEADER = YES;
				CLANG_WARN_RANGE_LOOP_ANALYSIS = YES;
				CLANG_WARN_STRICT_PROTOTYPES = YES;
				CLANG_WARN_SUSPICIOUS_MOVE = YES;
				CLANG_WARN_UNGUARDED_AVAILABILITY = YES_AGGRESSIVE;
				CLANG_WARN_UNREACHABLE_CODE = YES;
				CLANG_WARN__DUPLICATE_METHOD_MATCH = YES;
				COPY_PHASE_STRIP = NO;
				DEBUG_INFORMATION_FORMAT = "dwarf-with-dsym";
				ENABLE_NS_ASSERTIONS = NO;
				ENABLE_STRICT_OBJC_MSGSEND = YES;
				GCC_C_LANGUAGE_STANDARD = gnu11;
				GCC_NO_COMMON_BLOCKS = YES;
				GCC_WARN_64_TO_32_BIT_CONVERSION = YES;
				GCC_WARN_ABOUT_RETURN_TYPE = YES_ERROR;
				GCC_WARN_UNDECLARED_SELECTOR = YES;
				GCC_WARN_UNINITIALIZED_AUTOS = YES_AGGRESSIVE;
				GCC_WARN_UNUSED_FUNCTION = YES;
				GCC_WARN_UNUSED_VARIABLE = YES;
				IPHONEOS_DEPLOYMENT_TARGET = 11.0;
				MTL_ENABLE_DEBUG_INFO = NO;
				MTL_FAST_MATH = YES;
				SDKROOT = iphoneos;
				SWIFT_COMPILATION_MODE = wholemodule;
				SWIFT_OPTIMIZATION_LEVEL = "-O";
				VALIDATE_PRODUCT = YES;
			};
			name = Release;
		};
		F78B83132522E1250050F7BF /* Debug */ = {
			isa = XCBuildConfiguration;
			buildSettings = {
				ASSETCATALOG_COMPILER_APPICON_NAME = AppIcon;
				ASSETCATALOG_COMPILER_GLOBAL_ACCENT_COLOR_NAME = AccentColor;
				CODE_SIGN_STYLE = Automatic;
				INFOPLIST_FILE = "iOS-Calculator/Supporting Files/Info.plist";
				LD_RUNPATH_SEARCH_PATHS = (
					"$(inherited)",
					"@executable_path/Frameworks",
				);
				PRODUCT_BUNDLE_IDENTIFIER = "com.cd.iOS-Calculator";
				PRODUCT_NAME = "$(TARGET_NAME)";
				SWIFT_VERSION = 5.0;
				TARGETED_DEVICE_FAMILY = "1,2";
			};
			name = Debug;
		};
		F78B83142522E1250050F7BF /* Release */ = {
			isa = XCBuildConfiguration;
			buildSettings = {
				ASSETCATALOG_COMPILER_APPICON_NAME = AppIcon;
				ASSETCATALOG_COMPILER_GLOBAL_ACCENT_COLOR_NAME = AccentColor;
				CODE_SIGN_STYLE = Automatic;
				INFOPLIST_FILE = "iOS-Calculator/Supporting Files/Info.plist";
				LD_RUNPATH_SEARCH_PATHS = (
					"$(inherited)",
					"@executable_path/Frameworks",
				);
				PRODUCT_BUNDLE_IDENTIFIER = "com.cd.iOS-Calculator";
				PRODUCT_NAME = "$(TARGET_NAME)";
				SWIFT_VERSION = 5.0;
				TARGETED_DEVICE_FAMILY = "1,2";
			};
			name = Release;
		};
		F78B83162522E1250050F7BF /* Debug */ = {
			isa = XCBuildConfiguration;
			buildSettings = {
				ALWAYS_EMBED_SWIFT_STANDARD_LIBRARIES = YES;
				BUNDLE_LOADER = "$(TEST_HOST)";
				CODE_SIGN_STYLE = Automatic;
				INFOPLIST_FILE = "iOS-CalculatorTests/Info.plist";
				IPHONEOS_DEPLOYMENT_TARGET = 14.0;
				LD_RUNPATH_SEARCH_PATHS = (
					"$(inherited)",
					"@executable_path/Frameworks",
					"@loader_path/Frameworks",
				);
				PRODUCT_BUNDLE_IDENTIFIER = "com.cd.iOS-CalculatorTests";
				PRODUCT_NAME = "$(TARGET_NAME)";
				SWIFT_VERSION = 5.0;
				TARGETED_DEVICE_FAMILY = "1,2";
				TEST_HOST = "$(BUILT_PRODUCTS_DIR)/iOS-Calculator.app/iOS-Calculator";
			};
			name = Debug;
		};
		F78B83172522E1250050F7BF /* Release */ = {
			isa = XCBuildConfiguration;
			buildSettings = {
				ALWAYS_EMBED_SWIFT_STANDARD_LIBRARIES = YES;
				BUNDLE_LOADER = "$(TEST_HOST)";
				CODE_SIGN_STYLE = Automatic;
				INFOPLIST_FILE = "iOS-CalculatorTests/Info.plist";
				IPHONEOS_DEPLOYMENT_TARGET = 14.0;
				LD_RUNPATH_SEARCH_PATHS = (
					"$(inherited)",
					"@executable_path/Frameworks",
					"@loader_path/Frameworks",
				);
				PRODUCT_BUNDLE_IDENTIFIER = "com.cd.iOS-CalculatorTests";
				PRODUCT_NAME = "$(TARGET_NAME)";
				SWIFT_VERSION = 5.0;
				TARGETED_DEVICE_FAMILY = "1,2";
				TEST_HOST = "$(BUILT_PRODUCTS_DIR)/iOS-Calculator.app/iOS-Calculator";
			};
			name = Release;
		};
		F78B83192522E1250050F7BF /* Debug */ = {
			isa = XCBuildConfiguration;
			buildSettings = {
				ALWAYS_EMBED_SWIFT_STANDARD_LIBRARIES = YES;
				CODE_SIGN_STYLE = Automatic;
				INFOPLIST_FILE = "iOS-CalculatorUITests/Info.plist";
				LD_RUNPATH_SEARCH_PATHS = (
					"$(inherited)",
					"@executable_path/Frameworks",
					"@loader_path/Frameworks",
				);
				PRODUCT_BUNDLE_IDENTIFIER = "com.cd.iOS-CalculatorUITests";
				PRODUCT_NAME = "$(TARGET_NAME)";
				SWIFT_VERSION = 5.0;
				TARGETED_DEVICE_FAMILY = "1,2";
				TEST_TARGET_NAME = "iOS-Calculator";
			};
			name = Debug;
		};
		F78B831A2522E1250050F7BF /* Release */ = {
			isa = XCBuildConfiguration;
			buildSettings = {
				ALWAYS_EMBED_SWIFT_STANDARD_LIBRARIES = YES;
				CODE_SIGN_STYLE = Automatic;
				INFOPLIST_FILE = "iOS-CalculatorUITests/Info.plist";
				LD_RUNPATH_SEARCH_PATHS = (
					"$(inherited)",
					"@executable_path/Frameworks",
					"@loader_path/Frameworks",
				);
				PRODUCT_BUNDLE_IDENTIFIER = "com.cd.iOS-CalculatorUITests";
				PRODUCT_NAME = "$(TARGET_NAME)";
				SWIFT_VERSION = 5.0;
				TARGETED_DEVICE_FAMILY = "1,2";
				TEST_TARGET_NAME = "iOS-Calculator";
			};
			name = Release;
		};
/* End XCBuildConfiguration section */

/* Begin XCConfigurationList section */
		F78B82E32522E1220050F7BF /* Build configuration list for PBXProject "iOS-Calculator" */ = {
			isa = XCConfigurationList;
			buildConfigurations = (
				F78B83102522E1250050F7BF /* Debug */,
				F78B83112522E1250050F7BF /* Release */,
			);
			defaultConfigurationIsVisible = 0;
			defaultConfigurationName = Release;
		};
		F78B83122522E1250050F7BF /* Build configuration list for PBXNativeTarget "iOS-Calculator" */ = {
			isa = XCConfigurationList;
			buildConfigurations = (
				F78B83132522E1250050F7BF /* Debug */,
				F78B83142522E1250050F7BF /* Release */,
			);
			defaultConfigurationIsVisible = 0;
			defaultConfigurationName = Release;
		};
		F78B83152522E1250050F7BF /* Build configuration list for PBXNativeTarget "iOS-CalculatorTests" */ = {
			isa = XCConfigurationList;
			buildConfigurations = (
				F78B83162522E1250050F7BF /* Debug */,
				F78B83172522E1250050F7BF /* Release */,
			);
			defaultConfigurationIsVisible = 0;
			defaultConfigurationName = Release;
		};
		F78B83182522E1250050F7BF /* Build configuration list for PBXNativeTarget "iOS-CalculatorUITests" */ = {
			isa = XCConfigurationList;
			buildConfigurations = (
				F78B83192522E1250050F7BF /* Debug */,
				F78B831A2522E1250050F7BF /* Release */,
			);
			defaultConfigurationIsVisible = 0;
			defaultConfigurationName = Release;
		};
/* End XCConfigurationList section */
	};
	rootObject = F78B82E02522E1220050F7BF /* Project object */;
}
